// !$*UTF8*$!
{
	archiveVersion = 1;
	classes = {
	};
	objectVersion = 46;
	objects = {

/* Begin PBXBuildFile section */
		277EEF521EB78FA40054FB42 /* AppDelegate.swift in Sources */ = {isa = PBXBuildFile; fileRef = 277EEF511EB78FA40054FB42 /* AppDelegate.swift */; };
		277EEF541EB78FA40054FB42 /* SignInVC.swift in Sources */ = {isa = PBXBuildFile; fileRef = 277EEF531EB78FA40054FB42 /* SignInVC.swift */; };
		277EEF571EB78FA50054FB42 /* Main.storyboard in Resources */ = {isa = PBXBuildFile; fileRef = 277EEF551EB78FA50054FB42 /* Main.storyboard */; };
		277EEF5A1EB78FA50054FB42 /* Social.xcdatamodeld in Sources */ = {isa = PBXBuildFile; fileRef = 277EEF581EB78FA50054FB42 /* Social.xcdatamodeld */; };
		277EEF5C1EB78FA50054FB42 /* Assets.xcassets in Resources */ = {isa = PBXBuildFile; fileRef = 277EEF5B1EB78FA50054FB42 /* Assets.xcassets */; };
		277EEF5F1EB78FA50054FB42 /* LaunchScreen.storyboard in Resources */ = {isa = PBXBuildFile; fileRef = 277EEF5D1EB78FA50054FB42 /* LaunchScreen.storyboard */; };
		277EEF671EB790690054FB42 /* GoogleService-Info.plist in Resources */ = {isa = PBXBuildFile; fileRef = 277EEF661EB790690054FB42 /* GoogleService-Info.plist */; };
		CA2C8D86CB645AA9DE56E52C /* Pods_Social.framework in Frameworks */ = {isa = PBXBuildFile; fileRef = 27D269AC5FFB3ED55A7DD1D0 /* Pods_Social.framework */; };
/* End PBXBuildFile section */

/* Begin PBXFileReference section */
		277EEF4E1EB78FA30054FB42 /* Social.app */ = {isa = PBXFileReference; explicitFileType = wrapper.application; includeInIndex = 0; path = Social.app; sourceTree = BUILT_PRODUCTS_DIR; };
		277EEF511EB78FA40054FB42 /* AppDelegate.swift */ = {isa = PBXFileReference; lastKnownFileType = sourcecode.swift; path = AppDelegate.swift; sourceTree = "<group>"; };
		277EEF531EB78FA40054FB42 /* SignInVC.swift */ = {isa = PBXFileReference; lastKnownFileType = sourcecode.swift; path = SignInVC.swift; sourceTree = "<group>"; };
		277EEF561EB78FA50054FB42 /* Base */ = {isa = PBXFileReference; lastKnownFileType = file.storyboard; name = Base; path = Base.lproj/Main.storyboard; sourceTree = "<group>"; };
		277EEF591EB78FA50054FB42 /* Social.xcdatamodel */ = {isa = PBXFileReference; lastKnownFileType = wrapper.xcdatamodel; path = Social.xcdatamodel; sourceTree = "<group>"; };
		277EEF5B1EB78FA50054FB42 /* Assets.xcassets */ = {isa = PBXFileReference; lastKnownFileType = folder.assetcatalog; path = Assets.xcassets; sourceTree = "<group>"; };
		277EEF5E1EB78FA50054FB42 /* Base */ = {isa = PBXFileReference; lastKnownFileType = file.storyboard; name = Base; path = Base.lproj/LaunchScreen.storyboard; sourceTree = "<group>"; };
		277EEF601EB78FA50054FB42 /* Info.plist */ = {isa = PBXFileReference; lastKnownFileType = text.plist.xml; path = Info.plist; sourceTree = "<group>"; };
		277EEF661EB790690054FB42 /* GoogleService-Info.plist */ = {isa = PBXFileReference; fileEncoding = 4; lastKnownFileType = text.plist.xml; path = "GoogleService-Info.plist"; sourceTree = "<group>"; };
		27D269AC5FFB3ED55A7DD1D0 /* Pods_Social.framework */ = {isa = PBXFileReference; explicitFileType = wrapper.framework; includeInIndex = 0; path = Pods_Social.framework; sourceTree = BUILT_PRODUCTS_DIR; };
		303A921B52D663395341352A /* Pods-Social.release.xcconfig */ = {isa = PBXFileReference; includeInIndex = 1; lastKnownFileType = text.xcconfig; name = "Pods-Social.release.xcconfig"; path = "Pods/Target Support Files/Pods-Social/Pods-Social.release.xcconfig"; sourceTree = "<group>"; };
		F5B0024B88A661918086EDAA /* Pods-Social.debug.xcconfig */ = {isa = PBXFileReference; includeInIndex = 1; lastKnownFileType = text.xcconfig; name = "Pods-Social.debug.xcconfig"; path = "Pods/Target Support Files/Pods-Social/Pods-Social.debug.xcconfig"; sourceTree = "<group>"; };
/* End PBXFileReference section */

/* Begin PBXFrameworksBuildPhase section */
		277EEF4B1EB78FA30054FB42 /* Frameworks */ = {
			isa = PBXFrameworksBuildPhase;
			buildActionMask = 2147483647;
			files = (
				CA2C8D86CB645AA9DE56E52C /* Pods_Social.framework in Frameworks */,
			);
			runOnlyForDeploymentPostprocessing = 0;
		};
/* End PBXFrameworksBuildPhase section */

/* Begin PBXGroup section */
		277EEF451EB78FA20054FB42 = {
			isa = PBXGroup;
			children = (
				277EEF501EB78FA30054FB42 /* Social */,
				277EEF4F1EB78FA30054FB42 /* Products */,
				CA8BA84ACC6C2B3B4639E8FB /* Pods */,
				708CCF8FBAE7E8AE20A13A5B /* Frameworks */,
			);
			sourceTree = "<group>";
		};
		277EEF4F1EB78FA30054FB42 /* Products */ = {
			isa = PBXGroup;
			children = (
				277EEF4E1EB78FA30054FB42 /* Social.app */,
			);
			name = Products;
			sourceTree = "<group>";
		};
		277EEF501EB78FA30054FB42 /* Social */ = {
			isa = PBXGroup;
			children = (
				277EEF6A1EB793380054FB42 /* Controller */,
				277EEF691EB793310054FB42 /* View */,
				277EEF681EB793280054FB42 /* Model */,
				277EEF661EB790690054FB42 /* GoogleService-Info.plist */,
				277EEF511EB78FA40054FB42 /* AppDelegate.swift */,
				277EEF551EB78FA50054FB42 /* Main.storyboard */,
				277EEF5B1EB78FA50054FB42 /* Assets.xcassets */,
				277EEF5D1EB78FA50054FB42 /* LaunchScreen.storyboard */,
				277EEF601EB78FA50054FB42 /* Info.plist */,
				277EEF581EB78FA50054FB42 /* Social.xcdatamodeld */,
			);
			path = Social;
			sourceTree = "<group>";
		};
		277EEF681EB793280054FB42 /* Model */ = {
			isa = PBXGroup;
			children = (
			);
			name = Model;
			sourceTree = "<group>";
		};
		277EEF691EB793310054FB42 /* View */ = {
			isa = PBXGroup;
			children = (
			);
			name = View;
			sourceTree = "<group>";
		};
		277EEF6A1EB793380054FB42 /* Controller */ = {
			isa = PBXGroup;
			children = (
				277EEF531EB78FA40054FB42 /* SignInVC.swift */,
			);
			name = Controller;
			sourceTree = "<group>";
		};
		708CCF8FBAE7E8AE20A13A5B /* Frameworks */ = {
			isa = PBXGroup;
			children = (
				27D269AC5FFB3ED55A7DD1D0 /* Pods_Social.framework */,
			);
			name = Frameworks;
			sourceTree = "<group>";
		};
		CA8BA84ACC6C2B3B4639E8FB /* Pods */ = {
			isa = PBXGroup;
			children = (
				F5B0024B88A661918086EDAA /* Pods-Social.debug.xcconfig */,
				303A921B52D663395341352A /* Pods-Social.release.xcconfig */,
			);
			name = Pods;
			sourceTree = "<group>";
		};
/* End PBXGroup section */

/* Begin PBXNativeTarget section */
		277EEF4D1EB78FA30054FB42 /* Social */ = {
			isa = PBXNativeTarget;
			buildConfigurationList = 277EEF631EB78FA50054FB42 /* Build configuration list for PBXNativeTarget "Social" */;
			buildPhases = (
				F9C2B43468EF4A171161331B /* [CP] Check Pods Manifest.lock */,
				277EEF4A1EB78FA30054FB42 /* Sources */,
				277EEF4B1EB78FA30054FB42 /* Frameworks */,
				277EEF4C1EB78FA30054FB42 /* Resources */,
				9C41B7B59C215B9F1B2DBDB2 /* [CP] Embed Pods Frameworks */,
				C83DE9C483CA0DB73331844F /* [CP] Copy Pods Resources */,
			);
			buildRules = (
			);
			dependencies = (
			);
			name = Social;
			productName = Social;
			productReference = 277EEF4E1EB78FA30054FB42 /* Social.app */;
			productType = "com.apple.product-type.application";
		};
/* End PBXNativeTarget section */

/* Begin PBXProject section */
		277EEF461EB78FA30054FB42 /* Project object */ = {
			isa = PBXProject;
			attributes = {
				LastSwiftUpdateCheck = 0830;
				LastUpgradeCheck = 0830;
				ORGANIZATIONNAME = "Jeff Lingley";
				TargetAttributes = {
					277EEF4D1EB78FA30054FB42 = {
						CreatedOnToolsVersion = 8.3.2;
						DevelopmentTeam = MNZ4GQJW3C;
						ProvisioningStyle = Automatic;
					};
				};
			};
			buildConfigurationList = 277EEF491EB78FA30054FB42 /* Build configuration list for PBXProject "Social" */;
			compatibilityVersion = "Xcode 3.2";
			developmentRegion = English;
			hasScannedForEncodings = 0;
			knownRegions = (
				en,
				Base,
			);
			mainGroup = 277EEF451EB78FA20054FB42;
			productRefGroup = 277EEF4F1EB78FA30054FB42 /* Products */;
			projectDirPath = "";
			projectRoot = "";
			targets = (
				277EEF4D1EB78FA30054FB42 /* Social */,
			);
		};
/* End PBXProject section */

/* Begin PBXResourcesBuildPhase section */
		277EEF4C1EB78FA30054FB42 /* Resources */ = {
			isa = PBXResourcesBuildPhase;
			buildActionMask = 2147483647;
			files = (
				277EEF5F1EB78FA50054FB42 /* LaunchScreen.storyboard in Resources */,
				277EEF5C1EB78FA50054FB42 /* Assets.xcassets in Resources */,
				277EEF671EB790690054FB42 /* GoogleService-Info.plist in Resources */,
				277EEF571EB78FA50054FB42 /* Main.storyboard in Resources */,
			);
			runOnlyForDeploymentPostprocessing = 0;
		};
/* End PBXResourcesBuildPhase section */

/* Begin PBXShellScriptBuildPhase section */
		9C41B7B59C215B9F1B2DBDB2 /* [CP] Embed Pods Frameworks */ = {
			isa = PBXShellScriptBuildPhase;
			buildActionMask = 2147483647;
			files = (
			);
			inputPaths = (
			);
			name = "[CP] Embed Pods Frameworks";
			outputPaths = (
			);
			runOnlyForDeploymentPostprocessing = 0;
			shellPath = /bin/sh;
			shellScript = "\"${SRCROOT}/Pods/Target Support Files/Pods-Social/Pods-Social-frameworks.sh\"\n";
			showEnvVarsInLog = 0;
		};
		C83DE9C483CA0DB73331844F /* [CP] Copy Pods Resources */ = {
			isa = PBXShellScriptBuildPhase;
			buildActionMask = 2147483647;
			files = (
			);
			inputPaths = (
			);
			name = "[CP] Copy Pods Resources";
			outputPaths = (
			);
			runOnlyForDeploymentPostprocessing = 0;
			shellPath = /bin/sh;
			shellScript = "\"${SRCROOT}/Pods/Target Support Files/Pods-Social/Pods-Social-resources.sh\"\n";
			showEnvVarsInLog = 0;
		};
		F9C2B43468EF4A171161331B /* [CP] Check Pods Manifest.lock */ = {
			isa = PBXShellScriptBuildPhase;
			buildActionMask = 2147483647;
			files = (
			);
			inputPaths = (
			);
			name = "[CP] Check Pods Manifest.lock";
			outputPaths = (
			);
			runOnlyForDeploymentPostprocessing = 0;
			shellPath = /bin/sh;
			shellScript = "diff \"${PODS_PODFILE_DIR_PATH}/Podfile.lock\" \"${PODS_ROOT}/Manifest.lock\" > /dev/null\nif [ $? != 0 ] ; then\n    # print error to STDERR\n    echo \"error: The sandbox is not in sync with the Podfile.lock. Run 'pod install' or update your CocoaPods installation.\" >&2\n    exit 1\nfi\n";
			showEnvVarsInLog = 0;
		};
/* End PBXShellScriptBuildPhase section */

/* Begin PBXSourcesBuildPhase section */
		277EEF4A1EB78FA30054FB42 /* Sources */ = {
			isa = PBXSourcesBuildPhase;
			buildActionMask = 2147483647;
			files = (
				277EEF5A1EB78FA50054FB42 /* Social.xcdatamodeld in Sources */,
				277EEF541EB78FA40054FB42 /* SignInVC.swift in Sources */,
				277EEF521EB78FA40054FB42 /* AppDelegate.swift in Sources */,
			);
			runOnlyForDeploymentPostprocessing = 0;
		};
/* End PBXSourcesBuildPhase section */

/* Begin PBXVariantGroup section */
		277EEF551EB78FA50054FB42 /* Main.storyboard */ = {
			isa = PBXVariantGroup;
			children = (
				277EEF561EB78FA50054FB42 /* Base */,
			);
			name = Main.storyboard;
			sourceTree = "<group>";
		};
		277EEF5D1EB78FA50054FB42 /* LaunchScreen.storyboard */ = {
			isa = PBXVariantGroup;
			children = (
				277EEF5E1EB78FA50054FB42 /* Base */,
			);
			name = LaunchScreen.storyboard;
			sourceTree = "<group>";
		};
/* End PBXVariantGroup section */

/* Begin XCBuildConfiguration section */
		277EEF611EB78FA50054FB42 /* Debug */ = {
			isa = XCBuildConfiguration;
			buildSettings = {
				ALWAYS_SEARCH_USER_PATHS = NO;
				CLANG_ANALYZER_NONNULL = YES;
				CLANG_ANALYZER_NUMBER_OBJECT_CONVERSION = YES_AGGRESSIVE;
				CLANG_CXX_LANGUAGE_STANDARD = "gnu++0x";
				CLANG_CXX_LIBRARY = "libc++";
				CLANG_ENABLE_MODULES = YES;
				CLANG_ENABLE_OBJC_ARC = YES;
				CLANG_WARN_BOOL_CONVERSION = YES;
				CLANG_WARN_CONSTANT_CONVERSION = YES;
				CLANG_WARN_DIRECT_OBJC_ISA_USAGE = YES_ERROR;
				CLANG_WARN_DOCUMENTATION_COMMENTS = YES;
				CLANG_WARN_EMPTY_BODY = YES;
				CLANG_WARN_ENUM_CONVERSION = YES;
				CLANG_WARN_INFINITE_RECURSION = YES;
				CLANG_WARN_INT_CONVERSION = YES;
				CLANG_WARN_OBJC_ROOT_CLASS = YES_ERROR;
				CLANG_WARN_SUSPICIOUS_MOVE = YES;
				CLANG_WARN_UNREACHABLE_CODE = YES;
				CLANG_WARN__DUPLICATE_METHOD_MATCH = YES;
				"CODE_SIGN_IDENTITY[sdk=iphoneos*]" = "iPhone Developer";
				COPY_PHASE_STRIP = NO;
				DEBUG_INFORMATION_FORMAT = dwarf;
				ENABLE_STRICT_OBJC_MSGSEND = YES;
				ENABLE_TESTABILITY = YES;
				GCC_C_LANGUAGE_STANDARD = gnu99;
				GCC_DYNAMIC_NO_PIC = NO;
				GCC_NO_COMMON_BLOCKS = YES;
				GCC_OPTIMIZATION_LEVEL = 0;
				GCC_PREPROCESSOR_DEFINITIONS = (
					"DEBUG=1",
					"$(inherited)",
				);
				GCC_WARN_64_TO_32_BIT_CONVERSION = YES;
				GCC_WARN_ABOUT_RETURN_TYPE = YES_ERROR;
				GCC_WARN_UNDECLARED_SELECTOR = YES;
				GCC_WARN_UNINITIALIZED_AUTOS = YES_AGGRESSIVE;
				GCC_WARN_UNUSED_FUNCTION = YES;
				GCC_WARN_UNUSED_VARIABLE = YES;
				IPHONEOS_DEPLOYMENT_TARGET = 10.3;
				MTL_ENABLE_DEBUG_INFO = YES;
				ONLY_ACTIVE_ARCH = YES;
				SDKROOT = iphoneos;
				SWIFT_ACTIVE_COMPILATION_CONDITIONS = DEBUG;
				SWIFT_OPTIMIZATION_LEVEL = "-Onone";
				TARGETED_DEVICE_FAMILY = "1,2";
			};
			name = Debug;
		};
		277EEF621EB78FA50054FB42 /* Release */ = {
			isa = XCBuildConfiguration;
			buildSettings = {
				ALWAYS_SEARCH_USER_PATHS = NO;
				CLANG_ANALYZER_NONNULL = YES;
				CLANG_ANALYZER_NUMBER_OBJECT_CONVERSION = YES_AGGRESSIVE;
				CLANG_CXX_LANGUAGE_STANDARD = "gnu++0x";
				CLANG_CXX_LIBRARY = "libc++";
				CLANG_ENABLE_MODULES = YES;
				CLANG_ENABLE_OBJC_ARC = YES;
				CLANG_WARN_BOOL_CONVERSION = YES;
				CLANG_WARN_CONSTANT_CONVERSION = YES;
				CLANG_WARN_DIRECT_OBJC_ISA_USAGE = YES_ERROR;
				CLANG_WARN_DOCUMENTATION_COMMENTS = YES;
				CLANG_WARN_EMPTY_BODY = YES;
				CLANG_WARN_ENUM_CONVERSION = YES;
				CLANG_WARN_INFINITE_RECURSION = YES;
				CLANG_WARN_INT_CONVERSION = YES;
				CLANG_WARN_OBJC_ROOT_CLASS = YES_ERROR;
				CLANG_WARN_SUSPICIOUS_MOVE = YES;
				CLANG_WARN_UNREACHABLE_CODE = YES;
				CLANG_WARN__DUPLICATE_METHOD_MATCH = YES;
				"CODE_SIGN_IDENTITY[sdk=iphoneos*]" = "iPhone Developer";
				COPY_PHASE_STRIP = NO;
				DEBUG_INFORMATION_FORMAT = "dwarf-with-dsym";
				ENABLE_NS_ASSERTIONS = NO;
				ENABLE_STRICT_OBJC_MSGSEND = YES;
				GCC_C_LANGUAGE_STANDARD = gnu99;
				GCC_NO_COMMON_BLOCKS = YES;
				GCC_WARN_64_TO_32_BIT_CONVERSION = YES;
				GCC_WARN_ABOUT_RETURN_TYPE = YES_ERROR;
				GCC_WARN_UNDECLARED_SELECTOR = YES;
				GCC_WARN_UNINITIALIZED_AUTOS = YES_AGGRESSIVE;
				GCC_WARN_UNUSED_FUNCTION = YES;
				GCC_WARN_UNUSED_VARIABLE = YES;
				IPHONEOS_DEPLOYMENT_TARGET = 10.3;
				MTL_ENABLE_DEBUG_INFO = NO;
				SDKROOT = iphoneos;
				SWIFT_OPTIMIZATION_LEVEL = "-Owholemodule";
				TARGETED_DEVICE_FAMILY = "1,2";
				VALIDATE_PRODUCT = YES;
			};
			name = Release;
		};
		277EEF641EB78FA50054FB42 /* Debug */ = {
			isa = XCBuildConfiguration;
			baseConfigurationReference = F5B0024B88A661918086EDAA /* Pods-Social.debug.xcconfig */;
			buildSettings = {
				ASSETCATALOG_COMPILER_APPICON_NAME = AppIcon;
				DEVELOPMENT_TEAM = MNZ4GQJW3C;
				INFOPLIST_FILE = Social/Info.plist;
				LD_RUNPATH_SEARCH_PATHS = "$(inherited) @executable_path/Frameworks";
				PRODUCT_BUNDLE_IDENTIFIER = "Jeff-Lingley.Social";
				PRODUCT_NAME = "$(TARGET_NAME)";
				SWIFT_VERSION = 3.0;
			};
			name = Debug;
		};
		277EEF651EB78FA50054FB42 /* Release */ = {
			isa = XCBuildConfiguration;
			baseConfigurationReference = 303A921B52D663395341352A /* Pods-Social.release.xcconfig */;
			buildSettings = {
				ASSETCATALOG_COMPILER_APPICON_NAME = AppIcon;
				DEVELOPMENT_TEAM = MNZ4GQJW3C;
				INFOPLIST_FILE = Social/Info.plist;
				LD_RUNPATH_SEARCH_PATHS = "$(inherited) @executable_path/Frameworks";
				PRODUCT_BUNDLE_IDENTIFIER = "Jeff-Lingley.Social";
				PRODUCT_NAME = "$(TARGET_NAME)";
				SWIFT_VERSION = 3.0;
			};
			name = Release;
		};
/* End XCBuildConfiguration section */

/* Begin XCConfigurationList section */
		277EEF491EB78FA30054FB42 /* Build configuration list for PBXProject "Social" */ = {
			isa = XCConfigurationList;
			buildConfigurations = (
				277EEF611EB78FA50054FB42 /* Debug */,
				277EEF621EB78FA50054FB42 /* Release */,
			);
			defaultConfigurationIsVisible = 0;
			defaultConfigurationName = Release;
		};
		277EEF631EB78FA50054FB42 /* Build configuration list for PBXNativeTarget "Social" */ = {
			isa = XCConfigurationList;
			buildConfigurations = (
				277EEF641EB78FA50054FB42 /* Debug */,
				277EEF651EB78FA50054FB42 /* Release */,
			);
			defaultConfigurationIsVisible = 0;
			defaultConfigurationName = Release;
		};
/* End XCConfigurationList section */

/* Begin XCVersionGroup section */
		277EEF581EB78FA50054FB42 /* Social.xcdatamodeld */ = {
			isa = XCVersionGroup;
			children = (
				277EEF591EB78FA50054FB42 /* Social.xcdatamodel */,
			);
			currentVersion = 277EEF591EB78FA50054FB42 /* Social.xcdatamodel */;
			path = Social.xcdatamodeld;
			sourceTree = "<group>";
			versionGroupType = wrapper.xcdatamodel;
		};
/* End XCVersionGroup section */
	};
	rootObject = 277EEF461EB78FA30054FB42 /* Project object */;
}
